
Microsoft Visual Studio Solution File, Format Version 12.00
# Visual Studio Version 17
VisualStudioVersion = 17.14.36301.6 d17.14
MinimumVisualStudioVersion = 10.0.40219.1
Project("{FAE04EC0-301F-11D3-BF4B-00C04F79EFBC}") = "NZWalks.Api", "NZWalks.Api\NZWalks.Api.csproj", "{B2F645CC-A388-4ADF-8B66-014D76152AA3}"
EndProject
Global
	GlobalSection(SolutionConfigurationPlatforms) = preSolution
		Debug|Any CPU = Debug|Any CPU
		Release|Any CPU = Release|Any CPU
	EndGlobalSection
	GlobalSection(ProjectConfigurationPlatforms) = postSolution
		{B2F645CC-A388-4ADF-8B66-014D76152AA3}.Debug|Any CPU.ActiveCfg = Debug|Any CPU
		{B2F645CC-A388-4ADF-8B66-014D76152AA3}.Debug|Any CPU.Build.0 = Debug|Any CPU
		{B2F645CC-A388-4ADF-8B66-014D76152AA3}.Release|Any CPU.ActiveCfg = Release|Any CPU
		{B2F645CC-A388-4ADF-8B66-014D76152AA3}.Release|Any CPU.Build.0 = Release|Any CPU
	EndGlobalSection
	GlobalSection(SolutionProperties) = preSolution
		HideSolutionNode = FALSE
	EndGlobalSection
	GlobalSection(ExtensibilityGlobals) = postSolution
		SolutionGuid = {575CA1FB-EF00-473F-B709-974EC6BD7678}
	EndGlobalSection
EndGlobal
